
Microsoft Visual Studio Solution File, Format Version 12.00
# Visual Studio Version 17
VisualStudioVersion = 17.3.32901.215
MinimumVisualStudioVersion = 10.0.40219.1
Project("{FAE04EC0-301F-11D3-BF4B-00C04F79EFBC}") = "button.ornek.41", "button.ornek.41\button.ornek.41.csproj", "{53FEAC23-A26C-48F0-863C-A3B0661A9E5F}"
EndProject
Global
	GlobalSection(SolutionConfigurationPlatforms) = preSolution
		Debug|Any CPU = Debug|Any CPU
		Release|Any CPU = Release|Any CPU
	EndGlobalSection
	GlobalSection(ProjectConfigurationPlatforms) = postSolution
		{53FEAC23-A26C-48F0-863C-A3B0661A9E5F}.Debug|Any CPU.ActiveCfg = Debug|Any CPU
		{53FEAC23-A26C-48F0-863C-A3B0661A9E5F}.Debug|Any CPU.Build.0 = Debug|Any CPU
		{53FEAC23-A26C-48F0-863C-A3B0661A9E5F}.Release|Any CPU.ActiveCfg = Release|Any CPU
		{53FEAC23-A26C-48F0-863C-A3B0661A9E5F}.Release|Any CPU.Build.0 = Release|Any CPU
	EndGlobalSection
	GlobalSection(SolutionProperties) = preSolution
		HideSolutionNode = FALSE
	EndGlobalSection
	GlobalSection(ExtensibilityGlobals) = postSolution
		SolutionGuid = {5FCB3498-42C4-4395-A966-FD80ACF28D7A}
	EndGlobalSection
EndGlobal
